{
  "name": "@utrad-ical/circus-web-ui",
  "version": "1.1.0",
  "lockfileVersion": 1,
  "requires": true,
  "dependencies": {
    "multi-integer-range": {
      "version": "4.0.2",
      "resolved": "https://registry.npmjs.org/multi-integer-range/-/multi-integer-range-4.0.2.tgz",
      "integrity": "sha512-16Ighx9a/Vmla+VR2L+GDXx8oPAijFdVyE8GcUQXA0p/LZYJFpJhN8tm83qrlnki0PEUJC0ib/2hjr2qCWxnxg=="
    }
  }
}
